
Microsoft Visual Studio Solution File, Format Version 12.00
Project("{FAE04EC0-301F-11D3-BF4B-00C04F79EFBC}") = "hello-world", "hello-world\hello-world.csproj", "{7C7D03A2-8BCF-4EA1-B04B-21CF2CB7309E}"
EndProject
Global
	GlobalSection(SolutionConfigurationPlatforms) = preSolution
		Debug|Any CPU = Debug|Any CPU
		Release|Any CPU = Release|Any CPU
	EndGlobalSection
	GlobalSection(ProjectConfigurationPlatforms) = postSolution
		{7C7D03A2-8BCF-4EA1-B04B-21CF2CB7309E}.Debug|Any CPU.ActiveCfg = Debug|Any CPU
		{7C7D03A2-8BCF-4EA1-B04B-21CF2CB7309E}.Debug|Any CPU.Build.0 = Debug|Any CPU
		{7C7D03A2-8BCF-4EA1-B04B-21CF2CB7309E}.Release|Any CPU.ActiveCfg = Release|Any CPU
		{7C7D03A2-8BCF-4EA1-B04B-21CF2CB7309E}.Release|Any CPU.Build.0 = Release|Any CPU
	EndGlobalSection
EndGlobal
